<?xml version="1.0" encoding="UTF-8"?>
<!DOCTYPE plist PUBLIC "-//Apple//DTD PLIST 1.0//EN" "http://www.apple.com/DTDs/PropertyList-1.0.dtd">
<plist version="1.0">
<dict>
	<key>archiveVersion</key>
	<string>1</string>
	<key>classes</key>
	<dict/>
	<key>objectVersion</key>
	<string>46</string>
	<key>objects</key>
	<dict>
		<key>0F4139071A97804700AF7B2F</key>
		<dict>
			<key>children</key>
			<array>
				<string>0F4139121A97804700AF7B2F</string>
				<string>0F41392C1A97804800AF7B2F</string>
				<string>0F4139111A97804700AF7B2F</string>
				<string>914D61DA7DB87811A2BD4139</string>
				<string>B50EFE71351D14BBB9C01FAF</string>
			</array>
			<key>isa</key>
			<string>PBXGroup</string>
			<key>sourceTree</key>
			<string>&lt;group&gt;</string>
		</dict>
		<key>0F4139081A97804700AF7B2F</key>
		<dict>
			<key>attributes</key>
			<dict>
				<key>LastUpgradeCheck</key>
				<string>0610</string>
				<key>ORGANIZATIONNAME</key>
				<string>Doupan Guo</string>
				<key>TargetAttributes</key>
				<dict>
					<key>0F41390F1A97804700AF7B2F</key>
					<dict>
						<key>CreatedOnToolsVersion</key>
						<string>6.1.1</string>
					</dict>
					<key>0F4139281A97804800AF7B2F</key>
					<dict>
						<key>CreatedOnToolsVersion</key>
						<string>6.1.1</string>
						<key>TestTargetID</key>
						<string>0F41390F1A97804700AF7B2F</string>
					</dict>
				</dict>
			</dict>
			<key>buildConfigurationList</key>
			<string>0F41390B1A97804700AF7B2F</string>
			<key>compatibilityVersion</key>
			<string>Xcode 3.2</string>
			<key>developmentRegion</key>
			<string>English</string>
			<key>hasScannedForEncodings</key>
			<string>0</string>
			<key>isa</key>
			<string>PBXProject</string>
			<key>knownRegions</key>
			<array>
				<string>en</string>
				<string>Base</string>
			</array>
			<key>mainGroup</key>
			<string>0F4139071A97804700AF7B2F</string>
			<key>productRefGroup</key>
			<string>0F4139111A97804700AF7B2F</string>
			<key>projectDirPath</key>
			<string></string>
			<key>projectReferences</key>
			<array/>
			<key>projectRoot</key>
			<string></string>
			<key>targets</key>
			<array>
				<string>0F41390F1A97804700AF7B2F</string>
				<string>0F4139281A97804800AF7B2F</string>
			</array>
		</dict>
		<key>0F41390B1A97804700AF7B2F</key>
		<dict>
			<key>buildConfigurations</key>
			<array>
				<string>0F4139311A97804800AF7B2F</string>
				<string>0F4139321A97804800AF7B2F</string>
			</array>
			<key>defaultConfigurationIsVisible</key>
			<string>0</string>
			<key>defaultConfigurationName</key>
			<string>Release</string>
			<key>isa</key>
			<string>XCConfigurationList</string>
		</dict>
		<key>0F41390C1A97804700AF7B2F</key>
		<dict>
			<key>buildActionMask</key>
			<string>2147483647</string>
			<key>files</key>
			<array>
				<string>0F4139521A9796B700AF7B2F</string>
				<string>0F41394B1A978FB300AF7B2F</string>
				<string>0F4139191A97804700AF7B2F</string>
				<string>0F4139161A97804700AF7B2F</string>
				<string>0F41393F1A97886200AF7B2F</string>
				<string>0F4139471A978CEE00AF7B2F</string>
				<string>0F41394E1A9791EA00AF7B2F</string>
				<string>5CDB9B241A99BEE80032F3A5</string>
			</array>
			<key>isa</key>
			<string>PBXSourcesBuildPhase</string>
			<key>runOnlyForDeploymentPostprocessing</key>
			<string>0</string>
		</dict>
		<key>0F41390D1A97804700AF7B2F</key>
		<dict>
			<key>buildActionMask</key>
			<string>2147483647</string>
			<key>files</key>
			<array>
				<string>6D8F41555109065CFD426E05</string>
			</array>
			<key>isa</key>
			<string>PBXFrameworksBuildPhase</string>
			<key>runOnlyForDeploymentPostprocessing</key>
			<string>0</string>
		</dict>
		<key>0F41390E1A97804700AF7B2F</key>
		<dict>
			<key>buildActionMask</key>
			<string>2147483647</string>
			<key>files</key>
			<array>
				<string>0F4139241A97804700AF7B2F</string>
				<string>0F4139211A97804700AF7B2F</string>
				<string>0F4139401A97886200AF7B2F</string>
				<string>5CDB9B251A99BEE80032F3A5</string>
				<string>0F4139481A978CEE00AF7B2F</string>
				<string>0F4139531A9796B700AF7B2F</string>
			</array>
			<key>isa</key>
			<string>PBXResourcesBuildPhase</string>
			<key>runOnlyForDeploymentPostprocessing</key>
			<string>0</string>
		</dict>
		<key>0F41390F1A97804700AF7B2F</key>
		<dict>
			<key>buildConfigurationList</key>
			<string>0F4139331A97804800AF7B2F</string>
			<key>buildPhases</key>
			<array>
				<string>3968564D1B5A312A5037EAE1</string>
				<string>0F41390C1A97804700AF7B2F</string>
				<string>0F41390D1A97804700AF7B2F</string>
				<string>0F41390E1A97804700AF7B2F</string>
				<string>ED255DBD8DFC3892618EE583</string>
			</array>
			<key>buildRules</key>
			<array/>
			<key>dependencies</key>
			<array/>
			<key>isa</key>
			<string>PBXNativeTarget</string>
			<key>name</key>
			<string>exchange</string>
			<key>productName</key>
			<string>exchange</string>
			<key>productReference</key>
			<string>0F4139101A97804700AF7B2F</string>
			<key>productType</key>
			<string>com.apple.product-type.application</string>
		</dict>
		<key>0F4139101A97804700AF7B2F</key>
		<dict>
			<key>explicitFileType</key>
			<string>wrapper.application</string>
			<key>includeInIndex</key>
			<string>0</string>
			<key>isa</key>
			<string>PBXFileReference</string>
			<key>path</key>
			<string>exchange.app</string>
			<key>sourceTree</key>
			<string>BUILT_PRODUCTS_DIR</string>
		</dict>
		<key>0F4139111A97804700AF7B2F</key>
		<dict>
			<key>children</key>
			<array>
				<string>0F4139101A97804700AF7B2F</string>
				<string>0F4139291A97804800AF7B2F</string>
			</array>
			<key>isa</key>
			<string>PBXGroup</string>
			<key>name</key>
			<string>Products</string>
			<key>sourceTree</key>
			<string>&lt;group&gt;</string>
		</dict>
		<key>0F4139121A97804700AF7B2F</key>
		<dict>
			<key>children</key>
			<array>
				<string>0F41393B1A97884200AF7B2F</string>
				<string>0F41393A1A97883D00AF7B2F</string>
				<string>0F4139391A97883600AF7B2F</string>
				<string>0F4139171A97804700AF7B2F</string>
				<string>0F4139181A97804700AF7B2F</string>
				<string>0F4139201A97804700AF7B2F</string>
				<string>0F4139221A97804700AF7B2F</string>
				<string>0F4139131A97804700AF7B2F</string>
			</array>
			<key>isa</key>
			<string>PBXGroup</string>
			<key>path</key>
			<string>exchange</string>
			<key>sourceTree</key>
			<string>&lt;group&gt;</string>
		</dict>
		<key>0F4139131A97804700AF7B2F</key>
		<dict>
			<key>children</key>
			<array>
				<string>0F4139141A97804700AF7B2F</string>
				<string>0F4139151A97804700AF7B2F</string>
			</array>
			<key>isa</key>
			<string>PBXGroup</string>
			<key>name</key>
			<string>Supporting Files</string>
			<key>sourceTree</key>
			<string>&lt;group&gt;</string>
		</dict>
		<key>0F4139141A97804700AF7B2F</key>
		<dict>
			<key>isa</key>
			<string>PBXFileReference</string>
			<key>lastKnownFileType</key>
			<string>text.plist.xml</string>
			<key>path</key>
			<string>Info.plist</string>
			<key>sourceTree</key>
			<string>&lt;group&gt;</string>
		</dict>
		<key>0F4139151A97804700AF7B2F</key>
		<dict>
			<key>isa</key>
			<string>PBXFileReference</string>
			<key>lastKnownFileType</key>
			<string>sourcecode.c.objc</string>
			<key>path</key>
			<string>main.m</string>
			<key>sourceTree</key>
			<string>&lt;group&gt;</string>
		</dict>
		<key>0F4139161A97804700AF7B2F</key>
		<dict>
			<key>fileRef</key>
			<string>0F4139151A97804700AF7B2F</string>
			<key>isa</key>
			<string>PBXBuildFile</string>
		</dict>
		<key>0F4139171A97804700AF7B2F</key>
		<dict>
			<key>isa</key>
			<string>PBXFileReference</string>
			<key>lastKnownFileType</key>
			<string>sourcecode.c.h</string>
			<key>path</key>
			<string>AppDelegate.h</string>
			<key>sourceTree</key>
			<string>&lt;group&gt;</string>
		</dict>
		<key>0F4139181A97804700AF7B2F</key>
		<dict>
			<key>isa</key>
			<string>PBXFileReference</string>
			<key>lastKnownFileType</key>
			<string>sourcecode.c.objc</string>
			<key>path</key>
			<string>AppDelegate.m</string>
			<key>sourceTree</key>
			<string>&lt;group&gt;</string>
		</dict>
		<key>0F4139191A97804700AF7B2F</key>
		<dict>
			<key>fileRef</key>
			<string>0F4139181A97804700AF7B2F</string>
			<key>isa</key>
			<string>PBXBuildFile</string>
		</dict>
		<key>0F4139201A97804700AF7B2F</key>
		<dict>
			<key>isa</key>
			<string>PBXFileReference</string>
			<key>lastKnownFileType</key>
			<string>folder.assetcatalog</string>
			<key>path</key>
			<string>Images.xcassets</string>
			<key>sourceTree</key>
			<string>&lt;group&gt;</string>
		</dict>
		<key>0F4139211A97804700AF7B2F</key>
		<dict>
			<key>fileRef</key>
			<string>0F4139201A97804700AF7B2F</string>
			<key>isa</key>
			<string>PBXBuildFile</string>
		</dict>
		<key>0F4139221A97804700AF7B2F</key>
		<dict>
			<key>children</key>
			<array>
				<string>0F4139231A97804700AF7B2F</string>
			</array>
			<key>isa</key>
			<string>PBXVariantGroup</string>
			<key>name</key>
			<string>LaunchScreen.xib</string>
			<key>sourceTree</key>
			<string>&lt;group&gt;</string>
		</dict>
		<key>0F4139231A97804700AF7B2F</key>
		<dict>
			<key>isa</key>
			<string>PBXFileReference</string>
			<key>lastKnownFileType</key>
			<string>file.xib</string>
			<key>name</key>
			<string>Base</string>
			<key>path</key>
			<string>Base.lproj/LaunchScreen.xib</string>
			<key>sourceTree</key>
			<string>&lt;group&gt;</string>
		</dict>
		<key>0F4139241A97804700AF7B2F</key>
		<dict>
			<key>fileRef</key>
			<string>0F4139221A97804700AF7B2F</string>
			<key>isa</key>
			<string>PBXBuildFile</string>
		</dict>
		<key>0F4139251A97804800AF7B2F</key>
		<dict>
			<key>buildActionMask</key>
			<string>2147483647</string>
			<key>files</key>
			<array>
				<string>0F4139301A97804800AF7B2F</string>
			</array>
			<key>isa</key>
			<string>PBXSourcesBuildPhase</string>
			<key>runOnlyForDeploymentPostprocessing</key>
			<string>0</string>
		</dict>
		<key>0F4139261A97804800AF7B2F</key>
		<dict>
			<key>buildActionMask</key>
			<string>2147483647</string>
			<key>files</key>
			<array>
				<string>28F20632A39BC41185EC8218</string>
			</array>
			<key>isa</key>
			<string>PBXFrameworksBuildPhase</string>
			<key>runOnlyForDeploymentPostprocessing</key>
			<string>0</string>
		</dict>
		<key>0F4139271A97804800AF7B2F</key>
		<dict>
			<key>buildActionMask</key>
			<string>2147483647</string>
			<key>files</key>
			<array/>
			<key>isa</key>
			<string>PBXResourcesBuildPhase</string>
			<key>runOnlyForDeploymentPostprocessing</key>
			<string>0</string>
		</dict>
		<key>0F4139281A97804800AF7B2F</key>
		<dict>
			<key>buildConfigurationList</key>
			<string>0F4139361A97804800AF7B2F</string>
			<key>buildPhases</key>
			<array>
				<string>C8AD18FDD134E99792A588AF</string>
				<string>0F4139251A97804800AF7B2F</string>
				<string>0F4139261A97804800AF7B2F</string>
				<string>0F4139271A97804800AF7B2F</string>
				<string>9A1768818545183B8667FEF5</string>
			</array>
			<key>buildRules</key>
			<array/>
			<key>dependencies</key>
			<array>
				<string>0F41392B1A97804800AF7B2F</string>
			</array>
			<key>isa</key>
			<string>PBXNativeTarget</string>
			<key>name</key>
			<string>exchangeTests</string>
			<key>productName</key>
			<string>exchangeTests</string>
			<key>productReference</key>
			<string>0F4139291A97804800AF7B2F</string>
			<key>productType</key>
			<string>com.apple.product-type.bundle.unit-test</string>
		</dict>
		<key>0F4139291A97804800AF7B2F</key>
		<dict>
			<key>explicitFileType</key>
			<string>wrapper.cfbundle</string>
			<key>includeInIndex</key>
			<string>0</string>
			<key>isa</key>
			<string>PBXFileReference</string>
			<key>path</key>
			<string>exchangeTests.xctest</string>
			<key>sourceTree</key>
			<string>BUILT_PRODUCTS_DIR</string>
		</dict>
		<key>0F41392A1A97804800AF7B2F</key>
		<dict>
			<key>containerPortal</key>
			<string>0F4139081A97804700AF7B2F</string>
			<key>isa</key>
			<string>PBXContainerItemProxy</string>
			<key>proxyType</key>
			<string>1</string>
			<key>remoteGlobalIDString</key>
			<string>0F41390F1A97804700AF7B2F</string>
			<key>remoteInfo</key>
			<string>exchange</string>
		</dict>
		<key>0F41392B1A97804800AF7B2F</key>
		<dict>
			<key>isa</key>
			<string>PBXTargetDependency</string>
			<key>target</key>
			<string>0F41390F1A97804700AF7B2F</string>
			<key>targetProxy</key>
			<string>0F41392A1A97804800AF7B2F</string>
		</dict>
		<key>0F41392C1A97804800AF7B2F</key>
		<dict>
			<key>children</key>
			<array>
				<string>0F41392F1A97804800AF7B2F</string>
				<string>0F41392D1A97804800AF7B2F</string>
			</array>
			<key>isa</key>
			<string>PBXGroup</string>
			<key>path</key>
			<string>exchangeTests</string>
			<key>sourceTree</key>
			<string>&lt;group&gt;</string>
		</dict>
		<key>0F41392D1A97804800AF7B2F</key>
		<dict>
			<key>children</key>
			<array>
				<string>0F41392E1A97804800AF7B2F</string>
			</array>
			<key>isa</key>
			<string>PBXGroup</string>
			<key>name</key>
			<string>Supporting Files</string>
			<key>sourceTree</key>
			<string>&lt;group&gt;</string>
		</dict>
		<key>0F41392E1A97804800AF7B2F</key>
		<dict>
			<key>isa</key>
			<string>PBXFileReference</string>
			<key>lastKnownFileType</key>
			<string>text.plist.xml</string>
			<key>path</key>
			<string>Info.plist</string>
			<key>sourceTree</key>
			<string>&lt;group&gt;</string>
		</dict>
		<key>0F41392F1A97804800AF7B2F</key>
		<dict>
			<key>isa</key>
			<string>PBXFileReference</string>
			<key>lastKnownFileType</key>
			<string>sourcecode.c.objc</string>
			<key>path</key>
			<string>exchangeTests.m</string>
			<key>sourceTree</key>
			<string>&lt;group&gt;</string>
		</dict>
		<key>0F4139301A97804800AF7B2F</key>
		<dict>
			<key>fileRef</key>
			<string>0F41392F1A97804800AF7B2F</string>
			<key>isa</key>
			<string>PBXBuildFile</string>
		</dict>
		<key>0F4139311A97804800AF7B2F</key>
		<dict>
			<key>buildSettings</key>
			<dict>
				<key>ALWAYS_SEARCH_USER_PATHS</key>
				<string>NO</string>
				<key>CLANG_CXX_LANGUAGE_STANDARD</key>
				<string>gnu++0x</string>
				<key>CLANG_CXX_LIBRARY</key>
				<string>libc++</string>
				<key>CLANG_ENABLE_MODULES</key>
				<string>YES</string>
				<key>CLANG_ENABLE_OBJC_ARC</key>
				<string>YES</string>
				<key>CLANG_WARN_BOOL_CONVERSION</key>
				<string>YES</string>
				<key>CLANG_WARN_CONSTANT_CONVERSION</key>
				<string>YES</string>
				<key>CLANG_WARN_DIRECT_OBJC_ISA_USAGE</key>
				<string>YES_ERROR</string>
				<key>CLANG_WARN_EMPTY_BODY</key>
				<string>YES</string>
				<key>CLANG_WARN_ENUM_CONVERSION</key>
				<string>YES</string>
				<key>CLANG_WARN_INT_CONVERSION</key>
				<string>YES</string>
				<key>CLANG_WARN_OBJC_ROOT_CLASS</key>
				<string>YES_ERROR</string>
				<key>CLANG_WARN_UNREACHABLE_CODE</key>
				<string>YES</string>
				<key>CLANG_WARN__DUPLICATE_METHOD_MATCH</key>
				<string>YES</string>
				<key>CODE_SIGN_IDENTITY[sdk=iphoneos*]</key>
				<string>iPhone Developer</string>
				<key>COPY_PHASE_STRIP</key>
				<string>NO</string>
				<key>ENABLE_STRICT_OBJC_MSGSEND</key>
				<string>YES</string>
				<key>GCC_C_LANGUAGE_STANDARD</key>
				<string>gnu99</string>
				<key>GCC_DYNAMIC_NO_PIC</key>
				<string>NO</string>
				<key>GCC_OPTIMIZATION_LEVEL</key>
				<string>0</string>
				<key>GCC_PREPROCESSOR_DEFINITIONS</key>
				<array>
					<string>DEBUG=1</string>
					<string>$(inherited)</string>
				</array>
				<key>GCC_SYMBOLS_PRIVATE_EXTERN</key>
				<string>NO</string>
				<key>GCC_WARN_64_TO_32_BIT_CONVERSION</key>
				<string>YES</string>
				<key>GCC_WARN_ABOUT_RETURN_TYPE</key>
				<string>YES_ERROR</string>
				<key>GCC_WARN_UNDECLARED_SELECTOR</key>
				<string>YES</string>
				<key>GCC_WARN_UNINITIALIZED_AUTOS</key>
				<string>YES_AGGRESSIVE</string>
				<key>GCC_WARN_UNUSED_FUNCTION</key>
				<string>YES</string>
				<key>GCC_WARN_UNUSED_VARIABLE</key>
				<string>YES</string>
				<key>IPHONEOS_DEPLOYMENT_TARGET</key>
				<string>8.1</string>
				<key>MTL_ENABLE_DEBUG_INFO</key>
				<string>YES</string>
				<key>ONLY_ACTIVE_ARCH</key>
				<string>YES</string>
				<key>SDKROOT</key>
				<string>iphoneos</string>
			</dict>
			<key>isa</key>
			<string>XCBuildConfiguration</string>
			<key>name</key>
			<string>Debug</string>
		</dict>
		<key>0F4139321A97804800AF7B2F</key>
		<dict>
			<key>buildSettings</key>
			<dict>
				<key>ALWAYS_SEARCH_USER_PATHS</key>
				<string>NO</string>
				<key>CLANG_CXX_LANGUAGE_STANDARD</key>
				<string>gnu++0x</string>
				<key>CLANG_CXX_LIBRARY</key>
				<string>libc++</string>
				<key>CLANG_ENABLE_MODULES</key>
				<string>YES</string>
				<key>CLANG_ENABLE_OBJC_ARC</key>
				<string>YES</string>
				<key>CLANG_WARN_BOOL_CONVERSION</key>
				<string>YES</string>
				<key>CLANG_WARN_CONSTANT_CONVERSION</key>
				<string>YES</string>
				<key>CLANG_WARN_DIRECT_OBJC_ISA_USAGE</key>
				<string>YES_ERROR</string>
				<key>CLANG_WARN_EMPTY_BODY</key>
				<string>YES</string>
				<key>CLANG_WARN_ENUM_CONVERSION</key>
				<string>YES</string>
				<key>CLANG_WARN_INT_CONVERSION</key>
				<string>YES</string>
				<key>CLANG_WARN_OBJC_ROOT_CLASS</key>
				<string>YES_ERROR</string>
				<key>CLANG_WARN_UNREACHABLE_CODE</key>
				<string>YES</string>
				<key>CLANG_WARN__DUPLICATE_METHOD_MATCH</key>
				<string>YES</string>
				<key>CODE_SIGN_IDENTITY[sdk=iphoneos*]</key>
				<string>iPhone Developer</string>
				<key>COPY_PHASE_STRIP</key>
				<string>YES</string>
				<key>ENABLE_NS_ASSERTIONS</key>
				<string>NO</string>
				<key>ENABLE_STRICT_OBJC_MSGSEND</key>
				<string>YES</string>
				<key>GCC_C_LANGUAGE_STANDARD</key>
				<string>gnu99</string>
				<key>GCC_WARN_64_TO_32_BIT_CONVERSION</key>
				<string>YES</string>
				<key>GCC_WARN_ABOUT_RETURN_TYPE</key>
				<string>YES_ERROR</string>
				<key>GCC_WARN_UNDECLARED_SELECTOR</key>
				<string>YES</string>
				<key>GCC_WARN_UNINITIALIZED_AUTOS</key>
				<string>YES_AGGRESSIVE</string>
				<key>GCC_WARN_UNUSED_FUNCTION</key>
				<string>YES</string>
				<key>GCC_WARN_UNUSED_VARIABLE</key>
				<string>YES</string>
				<key>IPHONEOS_DEPLOYMENT_TARGET</key>
				<string>8.1</string>
				<key>MTL_ENABLE_DEBUG_INFO</key>
				<string>NO</string>
				<key>SDKROOT</key>
				<string>iphoneos</string>
				<key>VALIDATE_PRODUCT</key>
				<string>YES</string>
			</dict>
			<key>isa</key>
			<string>XCBuildConfiguration</string>
			<key>name</key>
			<string>Release</string>
		</dict>
		<key>0F4139331A97804800AF7B2F</key>
		<dict>
			<key>buildConfigurations</key>
			<array>
				<string>0F4139341A97804800AF7B2F</string>
				<string>0F4139351A97804800AF7B2F</string>
			</array>
			<key>defaultConfigurationIsVisible</key>
			<string>0</string>
			<key>defaultConfigurationName</key>
			<string>Release</string>
			<key>isa</key>
			<string>XCConfigurationList</string>
		</dict>
		<key>0F4139341A97804800AF7B2F</key>
		<dict>
			<key>baseConfigurationReference</key>
			<string>B8DDB147AE27FD758CDC1253</string>
			<key>buildSettings</key>
			<dict>
				<key>ASSETCATALOG_COMPILER_APPICON_NAME</key>
				<string>AppIcon</string>
				<key>ASSETCATALOG_COMPILER_LAUNCHIMAGE_NAME</key>
				<string>LaunchImage</string>
				<key>INFOPLIST_FILE</key>
				<string>exchange/Info.plist</string>
				<key>IPHONEOS_DEPLOYMENT_TARGET</key>
				<string>7.0</string>
				<key>LD_RUNPATH_SEARCH_PATHS</key>
				<string>$(inherited) @executable_path/Frameworks</string>
				<key>PRODUCT_NAME</key>
				<string>$(TARGET_NAME)</string>
			</dict>
			<key>isa</key>
			<string>XCBuildConfiguration</string>
			<key>name</key>
			<string>Debug</string>
		</dict>
		<key>0F4139351A97804800AF7B2F</key>
		<dict>
			<key>baseConfigurationReference</key>
			<string>491FD95B3D666630D2AA27C1</string>
			<key>buildSettings</key>
			<dict>
				<key>ASSETCATALOG_COMPILER_APPICON_NAME</key>
				<string>AppIcon</string>
				<key>ASSETCATALOG_COMPILER_LAUNCHIMAGE_NAME</key>
				<string>LaunchImage</string>
				<key>INFOPLIST_FILE</key>
				<string>exchange/Info.plist</string>
				<key>IPHONEOS_DEPLOYMENT_TARGET</key>
				<string>7.0</string>
				<key>LD_RUNPATH_SEARCH_PATHS</key>
				<string>$(inherited) @executable_path/Frameworks</string>
				<key>PRODUCT_NAME</key>
				<string>$(TARGET_NAME)</string>
			</dict>
			<key>isa</key>
			<string>XCBuildConfiguration</string>
			<key>name</key>
			<string>Release</string>
		</dict>
		<key>0F4139361A97804800AF7B2F</key>
		<dict>
			<key>buildConfigurations</key>
			<array>
				<string>0F4139371A97804800AF7B2F</string>
				<string>0F4139381A97804800AF7B2F</string>
			</array>
			<key>defaultConfigurationIsVisible</key>
			<string>0</string>
			<key>defaultConfigurationName</key>
			<string>Release</string>
			<key>isa</key>
			<string>XCConfigurationList</string>
		</dict>
		<key>0F4139371A97804800AF7B2F</key>
		<dict>
			<key>baseConfigurationReference</key>
			<string>E291D4FFC6FB132D202CA763</string>
			<key>buildSettings</key>
			<dict>
				<key>BUNDLE_LOADER</key>
				<string>$(TEST_HOST)</string>
				<key>FRAMEWORK_SEARCH_PATHS</key>
				<array>
					<string>$(SDKROOT)/Developer/Library/Frameworks</string>
					<string>$(inherited)</string>
				</array>
				<key>GCC_PREPROCESSOR_DEFINITIONS</key>
				<array>
					<string>DEBUG=1</string>
					<string>$(inherited)</string>
				</array>
				<key>INFOPLIST_FILE</key>
				<string>exchangeTests/Info.plist</string>
				<key>LD_RUNPATH_SEARCH_PATHS</key>
				<string>$(inherited) @executable_path/Frameworks @loader_path/Frameworks</string>
				<key>PRODUCT_NAME</key>
				<string>$(TARGET_NAME)</string>
				<key>TEST_HOST</key>
				<string>$(BUILT_PRODUCTS_DIR)/exchange.app/exchange</string>
			</dict>
			<key>isa</key>
			<string>XCBuildConfiguration</string>
			<key>name</key>
			<string>Debug</string>
		</dict>
		<key>0F4139381A97804800AF7B2F</key>
		<dict>
			<key>baseConfigurationReference</key>
			<string>4ABC26227CD35649CDFCF4C6</string>
			<key>buildSettings</key>
			<dict>
				<key>BUNDLE_LOADER</key>
				<string>$(TEST_HOST)</string>
				<key>FRAMEWORK_SEARCH_PATHS</key>
				<array>
					<string>$(SDKROOT)/Developer/Library/Frameworks</string>
					<string>$(inherited)</string>
				</array>
				<key>INFOPLIST_FILE</key>
				<string>exchangeTests/Info.plist</string>
				<key>LD_RUNPATH_SEARCH_PATHS</key>
				<string>$(inherited) @executable_path/Frameworks @loader_path/Frameworks</string>
				<key>PRODUCT_NAME</key>
				<string>$(TARGET_NAME)</string>
				<key>TEST_HOST</key>
				<string>$(BUILT_PRODUCTS_DIR)/exchange.app/exchange</string>
			</dict>
			<key>isa</key>
			<string>XCBuildConfiguration</string>
			<key>name</key>
			<string>Release</string>
		</dict>
		<key>0F4139391A97883600AF7B2F</key>
		<dict>
			<key>children</key>
			<array>
				<string>0F4139491A978FB300AF7B2F</string>
				<string>0F41394A1A978FB300AF7B2F</string>
				<string>0F41394C1A9791EA00AF7B2F</string>
				<string>0F41394D1A9791EA00AF7B2F</string>
			</array>
			<key>isa</key>
			<string>PBXGroup</string>
			<key>name</key>
			<string>models</string>
			<key>sourceTree</key>
			<string>&lt;group&gt;</string>
		</dict>
		<key>0F41393A1A97883D00AF7B2F</key>
		<dict>
			<key>children</key>
			<array/>
			<key>isa</key>
			<string>PBXGroup</string>
			<key>name</key>
			<string>views</string>
			<key>sourceTree</key>
			<string>&lt;group&gt;</string>
		</dict>
		<key>0F41393B1A97884200AF7B2F</key>
		<dict>
			<key>children</key>
			<array>
				<string>0F41393C1A97886200AF7B2F</string>
				<string>0F41393D1A97886200AF7B2F</string>
				<string>0F41393E1A97886200AF7B2F</string>
				<string>0F4139441A978CEE00AF7B2F</string>
				<string>0F4139451A978CEE00AF7B2F</string>
				<string>0F4139461A978CEE00AF7B2F</string>
				<string>0F41394F1A9796B700AF7B2F</string>
				<string>0F4139501A9796B700AF7B2F</string>
				<string>0F4139511A9796B700AF7B2F</string>
				<string>5CDB9B211A99BEE80032F3A5</string>
				<string>5CDB9B221A99BEE80032F3A5</string>
				<string>5CDB9B231A99BEE80032F3A5</string>
			</array>
			<key>isa</key>
			<string>PBXGroup</string>
			<key>name</key>
			<string>controllers</string>
			<key>sourceTree</key>
			<string>&lt;group&gt;</string>
		</dict>
		<key>0F41393C1A97886200AF7B2F</key>
		<dict>
			<key>fileEncoding</key>
			<string>4</string>
			<key>isa</key>
			<string>PBXFileReference</string>
			<key>lastKnownFileType</key>
			<string>sourcecode.c.h</string>
			<key>path</key>
			<string>LoginViewController.h</string>
			<key>sourceTree</key>
			<string>&lt;group&gt;</string>
		</dict>
		<key>0F41393D1A97886200AF7B2F</key>
		<dict>
			<key>fileEncoding</key>
			<string>4</string>
			<key>isa</key>
			<string>PBXFileReference</string>
			<key>lastKnownFileType</key>
			<string>sourcecode.c.objc</string>
			<key>path</key>
			<string>LoginViewController.m</string>
			<key>sourceTree</key>
			<string>&lt;group&gt;</string>
		</dict>
		<key>0F41393E1A97886200AF7B2F</key>
		<dict>
			<key>fileEncoding</key>
			<string>4</string>
			<key>isa</key>
			<string>PBXFileReference</string>
			<key>lastKnownFileType</key>
			<string>file.xib</string>
			<key>path</key>
			<string>LoginViewController.xib</string>
			<key>sourceTree</key>
			<string>&lt;group&gt;</string>
		</dict>
		<key>0F41393F1A97886200AF7B2F</key>
		<dict>
			<key>fileRef</key>
			<string>0F41393D1A97886200AF7B2F</string>
			<key>isa</key>
			<string>PBXBuildFile</string>
		</dict>
		<key>0F4139401A97886200AF7B2F</key>
		<dict>
			<key>fileRef</key>
			<string>0F41393E1A97886200AF7B2F</string>
			<key>isa</key>
			<string>PBXBuildFile</string>
		</dict>
		<key>0F4139441A978CEE00AF7B2F</key>
		<dict>
			<key>fileEncoding</key>
			<string>4</string>
			<key>isa</key>
			<string>PBXFileReference</string>
			<key>lastKnownFileType</key>
			<string>sourcecode.c.h</string>
			<key>path</key>
			<string>HomeViewController.h</string>
			<key>sourceTree</key>
			<string>&lt;group&gt;</string>
		</dict>
		<key>0F4139451A978CEE00AF7B2F</key>
		<dict>
			<key>fileEncoding</key>
			<string>4</string>
			<key>isa</key>
			<string>PBXFileReference</string>
			<key>lastKnownFileType</key>
			<string>sourcecode.c.objc</string>
			<key>path</key>
			<string>HomeViewController.m</string>
			<key>sourceTree</key>
			<string>&lt;group&gt;</string>
		</dict>
		<key>0F4139461A978CEE00AF7B2F</key>
		<dict>
			<key>fileEncoding</key>
			<string>4</string>
			<key>isa</key>
			<string>PBXFileReference</string>
			<key>lastKnownFileType</key>
			<string>file.xib</string>
			<key>path</key>
			<string>HomeViewController.xib</string>
			<key>sourceTree</key>
			<string>&lt;group&gt;</string>
		</dict>
		<key>0F4139471A978CEE00AF7B2F</key>
		<dict>
			<key>fileRef</key>
			<string>0F4139451A978CEE00AF7B2F</string>
			<key>isa</key>
			<string>PBXBuildFile</string>
		</dict>
		<key>0F4139481A978CEE00AF7B2F</key>
		<dict>
			<key>fileRef</key>
			<string>0F4139461A978CEE00AF7B2F</string>
			<key>isa</key>
			<string>PBXBuildFile</string>
		</dict>
		<key>0F4139491A978FB300AF7B2F</key>
		<dict>
			<key>fileEncoding</key>
			<string>4</string>
			<key>isa</key>
			<string>PBXFileReference</string>
			<key>lastKnownFileType</key>
			<string>sourcecode.c.h</string>
			<key>path</key>
			<string>Constants.h</string>
			<key>sourceTree</key>
			<string>&lt;group&gt;</string>
		</dict>
		<key>0F41394A1A978FB300AF7B2F</key>
		<dict>
			<key>fileEncoding</key>
			<string>4</string>
			<key>isa</key>
			<string>PBXFileReference</string>
			<key>lastKnownFileType</key>
			<string>sourcecode.c.objc</string>
			<key>path</key>
			<string>Constants.m</string>
			<key>sourceTree</key>
			<string>&lt;group&gt;</string>
		</dict>
		<key>0F41394B1A978FB300AF7B2F</key>
		<dict>
			<key>fileRef</key>
			<string>0F41394A1A978FB300AF7B2F</string>
			<key>isa</key>
			<string>PBXBuildFile</string>
		</dict>
		<key>0F41394C1A9791EA00AF7B2F</key>
		<dict>
			<key>fileEncoding</key>
			<string>4</string>
			<key>isa</key>
			<string>PBXFileReference</string>
			<key>lastKnownFileType</key>
			<string>sourcecode.c.h</string>
			<key>path</key>
			<string>ExchangeItem.h</string>
			<key>sourceTree</key>
			<string>&lt;group&gt;</string>
		</dict>
		<key>0F41394D1A9791EA00AF7B2F</key>
		<dict>
			<key>fileEncoding</key>
			<string>4</string>
			<key>isa</key>
			<string>PBXFileReference</string>
			<key>lastKnownFileType</key>
			<string>sourcecode.c.objc</string>
			<key>path</key>
			<string>ExchangeItem.m</string>
			<key>sourceTree</key>
			<string>&lt;group&gt;</string>
		</dict>
		<key>0F41394E1A9791EA00AF7B2F</key>
		<dict>
			<key>fileRef</key>
			<string>0F41394D1A9791EA00AF7B2F</string>
			<key>isa</key>
			<string>PBXBuildFile</string>
		</dict>
		<key>0F41394F1A9796B700AF7B2F</key>
		<dict>
			<key>fileEncoding</key>
			<string>4</string>
			<key>isa</key>
			<string>PBXFileReference</string>
			<key>lastKnownFileType</key>
			<string>sourcecode.c.h</string>
			<key>path</key>
			<string>PostViewController.h</string>
			<key>sourceTree</key>
			<string>&lt;group&gt;</string>
		</dict>
		<key>0F4139501A9796B700AF7B2F</key>
		<dict>
			<key>fileEncoding</key>
			<string>4</string>
			<key>isa</key>
			<string>PBXFileReference</string>
			<key>lastKnownFileType</key>
			<string>sourcecode.c.objc</string>
			<key>path</key>
			<string>PostViewController.m</string>
			<key>sourceTree</key>
			<string>&lt;group&gt;</string>
		</dict>
		<key>0F4139511A9796B700AF7B2F</key>
		<dict>
			<key>fileEncoding</key>
			<string>4</string>
			<key>isa</key>
			<string>PBXFileReference</string>
			<key>lastKnownFileType</key>
			<string>file.xib</string>
			<key>path</key>
			<string>PostViewController.xib</string>
			<key>sourceTree</key>
			<string>&lt;group&gt;</string>
		</dict>
		<key>0F4139521A9796B700AF7B2F</key>
		<dict>
			<key>fileRef</key>
			<string>0F4139501A9796B700AF7B2F</string>
			<key>isa</key>
			<string>PBXBuildFile</string>
		</dict>
		<key>0F4139531A9796B700AF7B2F</key>
		<dict>
			<key>fileRef</key>
			<string>0F4139511A9796B700AF7B2F</string>
			<key>isa</key>
			<string>PBXBuildFile</string>
		</dict>
		<key>13197BD78D9A67FC13DCB48C</key>
		<dict>
			<key>explicitFileType</key>
			<string>archive.ar</string>
			<key>includeInIndex</key>
			<string>0</string>
			<key>isa</key>
			<string>PBXFileReference</string>
			<key>path</key>
			<string>libPods-exchange.a</string>
			<key>sourceTree</key>
			<string>BUILT_PRODUCTS_DIR</string>
		</dict>
		<key>28F20632A39BC41185EC8218</key>
		<dict>
			<key>fileRef</key>
			<string>5E1671F0FD78298228B97663</string>
			<key>isa</key>
			<string>PBXBuildFile</string>
		</dict>
		<key>3968564D1B5A312A5037EAE1</key>
		<dict>
			<key>buildActionMask</key>
			<string>2147483647</string>
			<key>files</key>
			<array/>
			<key>inputPaths</key>
			<array/>
			<key>isa</key>
			<string>PBXShellScriptBuildPhase</string>
			<key>name</key>
			<string>Check Pods Manifest.lock</string>
			<key>outputPaths</key>
			<array/>
			<key>runOnlyForDeploymentPostprocessing</key>
			<string>0</string>
			<key>shellPath</key>
			<string>/bin/sh</string>
			<key>shellScript</key>
			<string>diff "${PODS_ROOT}/../Podfile.lock" "${PODS_ROOT}/Manifest.lock" &gt; /dev/null
if [[ $? != 0 ]] ; then
    cat &lt;&lt; EOM
error: The sandbox is not in sync with the Podfile.lock. Run 'pod install' or update your CocoaPods installation.
EOM
    exit 1
fi
</string>
			<key>showEnvVarsInLog</key>
			<string>0</string>
		</dict>
		<key>491FD95B3D666630D2AA27C1</key>
		<dict>
			<key>includeInIndex</key>
			<string>1</string>
			<key>isa</key>
			<string>PBXFileReference</string>
			<key>lastKnownFileType</key>
			<string>text.xcconfig</string>
			<key>name</key>
			<string>Pods-exchange.release.xcconfig</string>
			<key>path</key>
			<string>Pods/Target Support Files/Pods-exchange/Pods-exchange.release.xcconfig</string>
			<key>sourceTree</key>
			<string>&lt;group&gt;</string>
		</dict>
		<key>4ABC26227CD35649CDFCF4C6</key>
		<dict>
			<key>includeInIndex</key>
			<string>1</string>
			<key>isa</key>
			<string>PBXFileReference</string>
			<key>lastKnownFileType</key>
			<string>text.xcconfig</string>
			<key>name</key>
			<string>Pods-exchangeTests.release.xcconfig</string>
			<key>path</key>
			<string>Pods/Target Support Files/Pods-exchangeTests/Pods-exchangeTests.release.xcconfig</string>
			<key>sourceTree</key>
			<string>&lt;group&gt;</string>
		</dict>
		<key>5CDB9B211A99BEE80032F3A5</key>
		<dict>
			<key>fileEncoding</key>
			<string>4</string>
			<key>isa</key>
			<string>PBXFileReference</string>
			<key>lastKnownFileType</key>
			<string>sourcecode.c.h</string>
			<key>path</key>
			<string>ItemDetailController.h</string>
			<key>sourceTree</key>
			<string>&lt;group&gt;</string>
		</dict>
		<key>5CDB9B221A99BEE80032F3A5</key>
		<dict>
			<key>fileEncoding</key>
			<string>4</string>
			<key>isa</key>
			<string>PBXFileReference</string>
			<key>lastKnownFileType</key>
			<string>sourcecode.c.objc</string>
			<key>path</key>
			<string>ItemDetailController.m</string>
			<key>sourceTree</key>
			<string>&lt;group&gt;</string>
		</dict>
		<key>5CDB9B231A99BEE80032F3A5</key>
		<dict>
			<key>fileEncoding</key>
			<string>4</string>
			<key>isa</key>
			<string>PBXFileReference</string>
			<key>lastKnownFileType</key>
			<string>file.xib</string>
			<key>path</key>
			<string>ItemDetailController.xib</string>
			<key>sourceTree</key>
			<string>&lt;group&gt;</string>
		</dict>
		<key>5CDB9B241A99BEE80032F3A5</key>
		<dict>
			<key>fileRef</key>
			<string>5CDB9B221A99BEE80032F3A5</string>
			<key>isa</key>
			<string>PBXBuildFile</string>
		</dict>
		<key>5CDB9B251A99BEE80032F3A5</key>
		<dict>
			<key>fileRef</key>
			<string>5CDB9B231A99BEE80032F3A5</string>
			<key>isa</key>
			<string>PBXBuildFile</string>
		</dict>
		<key>5E1671F0FD78298228B97663</key>
		<dict>
			<key>explicitFileType</key>
			<string>archive.ar</string>
			<key>includeInIndex</key>
			<string>0</string>
			<key>isa</key>
			<string>PBXFileReference</string>
			<key>path</key>
			<string>libPods-exchangeTests.a</string>
			<key>sourceTree</key>
			<string>BUILT_PRODUCTS_DIR</string>
		</dict>
		<key>6D8F41555109065CFD426E05</key>
		<dict>
			<key>fileRef</key>
			<string>13197BD78D9A67FC13DCB48C</string>
			<key>isa</key>
			<string>PBXBuildFile</string>
		</dict>
		<key>914D61DA7DB87811A2BD4139</key>
		<dict>
			<key>children</key>
			<array>
				<string>B8DDB147AE27FD758CDC1253</string>
				<string>491FD95B3D666630D2AA27C1</string>
				<string>E291D4FFC6FB132D202CA763</string>
				<string>4ABC26227CD35649CDFCF4C6</string>
			</array>
			<key>isa</key>
			<string>PBXGroup</string>
			<key>name</key>
			<string>Pods</string>
			<key>sourceTree</key>
			<string>&lt;group&gt;</string>
		</dict>
		<key>9A1768818545183B8667FEF5</key>
		<dict>
			<key>buildActionMask</key>
			<string>2147483647</string>
			<key>files</key>
			<array/>
			<key>inputPaths</key>
			<array/>
			<key>isa</key>
			<string>PBXShellScriptBuildPhase</string>
			<key>name</key>
			<string>Copy Pods Resources</string>
			<key>outputPaths</key>
			<array/>
			<key>runOnlyForDeploymentPostprocessing</key>
			<string>0</string>
			<key>shellPath</key>
			<string>/bin/sh</string>
			<key>shellScript</key>
			<string>"${SRCROOT}/Pods/Target Support Files/Pods-exchangeTests/Pods-exchangeTests-resources.sh"
</string>
			<key>showEnvVarsInLog</key>
			<string>0</string>
		</dict>
		<key>B50EFE71351D14BBB9C01FAF</key>
		<dict>
			<key>children</key>
			<array>
				<string>13197BD78D9A67FC13DCB48C</string>
				<string>5E1671F0FD78298228B97663</string>
			</array>
			<key>isa</key>
			<string>PBXGroup</string>
			<key>name</key>
			<string>Frameworks</string>
			<key>sourceTree</key>
			<string>&lt;group&gt;</string>
		</dict>
		<key>B8DDB147AE27FD758CDC1253</key>
		<dict>
			<key>includeInIndex</key>
			<string>1</string>
			<key>isa</key>
			<string>PBXFileReference</string>
			<key>lastKnownFileType</key>
			<string>text.xcconfig</string>
			<key>name</key>
			<string>Pods-exchange.debug.xcconfig</string>
			<key>path</key>
			<string>Pods/Target Support Files/Pods-exchange/Pods-exchange.debug.xcconfig</string>
			<key>sourceTree</key>
			<string>&lt;group&gt;</string>
		</dict>
		<key>C8AD18FDD134E99792A588AF</key>
		<dict>
			<key>buildActionMask</key>
			<string>2147483647</string>
			<key>files</key>
			<array/>
			<key>inputPaths</key>
			<array/>
			<key>isa</key>
			<string>PBXShellScriptBuildPhase</string>
			<key>name</key>
			<string>Check Pods Manifest.lock</string>
			<key>outputPaths</key>
			<array/>
			<key>runOnlyForDeploymentPostprocessing</key>
			<string>0</string>
			<key>shellPath</key>
			<string>/bin/sh</string>
			<key>shellScript</key>
			<string>diff "${PODS_ROOT}/../Podfile.lock" "${PODS_ROOT}/Manifest.lock" &gt; /dev/null
if [[ $? != 0 ]] ; then
    cat &lt;&lt; EOM
error: The sandbox is not in sync with the Podfile.lock. Run 'pod install' or update your CocoaPods installation.
EOM
    exit 1
fi
</string>
			<key>showEnvVarsInLog</key>
			<string>0</string>
		</dict>
		<key>E291D4FFC6FB132D202CA763</key>
		<dict>
			<key>includeInIndex</key>
			<string>1</string>
			<key>isa</key>
			<string>PBXFileReference</string>
			<key>lastKnownFileType</key>
			<string>text.xcconfig</string>
			<key>name</key>
			<string>Pods-exchangeTests.debug.xcconfig</string>
			<key>path</key>
			<string>Pods/Target Support Files/Pods-exchangeTests/Pods-exchangeTests.debug.xcconfig</string>
			<key>sourceTree</key>
			<string>&lt;group&gt;</string>
		</dict>
		<key>ED255DBD8DFC3892618EE583</key>
		<dict>
			<key>buildActionMask</key>
			<string>2147483647</string>
			<key>files</key>
			<array/>
			<key>inputPaths</key>
			<array/>
			<key>isa</key>
			<string>PBXShellScriptBuildPhase</string>
			<key>name</key>
			<string>Copy Pods Resources</string>
			<key>outputPaths</key>
			<array/>
			<key>runOnlyForDeploymentPostprocessing</key>
			<string>0</string>
			<key>shellPath</key>
			<string>/bin/sh</string>
			<key>shellScript</key>
			<string>"${SRCROOT}/Pods/Target Support Files/Pods-exchange/Pods-exchange-resources.sh"
</string>
			<key>showEnvVarsInLog</key>
			<string>0</string>
		</dict>
	</dict>
	<key>rootObject</key>
	<string>0F4139081A97804700AF7B2F</string>
</dict>
</plist>
